// !$*UTF8*$!
{
	archiveVersion = 1;
	classes = {
	};
	objectVersion = 46;
	objects = {

/* Begin PBXBuildFile section */
		45F46C7C19A93D7500F0AB52 /* Foundation.framework in Frameworks */ = {isa = PBXBuildFile; fileRef = 45F46C7B19A93D7500F0AB52 /* Foundation.framework */; };
		45F46C7E19A93D7500F0AB52 /* CoreGraphics.framework in Frameworks */ = {isa = PBXBuildFile; fileRef = 45F46C7D19A93D7500F0AB52 /* CoreGraphics.framework */; };
		45F46C8019A93D7500F0AB52 /* UIKit.framework in Frameworks */ = {isa = PBXBuildFile; fileRef = 45F46C7F19A93D7500F0AB52 /* UIKit.framework */; };
		45F46C8619A93D7500F0AB52 /* InfoPlist.strings in Resources */ = {isa = PBXBuildFile; fileRef = 45F46C8419A93D7500F0AB52 /* InfoPlist.strings */; };
		45F46C8819A93D7500F0AB52 /* main.m in Sources */ = {isa = PBXBuildFile; fileRef = 45F46C8719A93D7500F0AB52 /* main.m */; };
		45F46C8C19A93D7500F0AB52 /* MAVIAppDelegate.m in Sources */ = {isa = PBXBuildFile; fileRef = 45F46C8B19A93D7500F0AB52 /* MAVIAppDelegate.m */; };
		45F46C8F19A93D7500F0AB52 /* Main.storyboard in Resources */ = {isa = PBXBuildFile; fileRef = 45F46C8D19A93D7500F0AB52 /* Main.storyboard */; };
		45F46C9219A93D7500F0AB52 /* MAVIViewController.m in Sources */ = {isa = PBXBuildFile; fileRef = 45F46C9119A93D7500F0AB52 /* MAVIViewController.m */; };
		45F46C9419A93D7500F0AB52 /* Images.xcassets in Resources */ = {isa = PBXBuildFile; fileRef = 45F46C9319A93D7500F0AB52 /* Images.xcassets */; };
		45F46C9B19A93D7500F0AB52 /* XCTest.framework in Frameworks */ = {isa = PBXBuildFile; fileRef = 45F46C9A19A93D7500F0AB52 /* XCTest.framework */; };
		45F46C9C19A93D7500F0AB52 /* Foundation.framework in Frameworks */ = {isa = PBXBuildFile; fileRef = 45F46C7B19A93D7500F0AB52 /* Foundation.framework */; };
		45F46C9D19A93D7500F0AB52 /* UIKit.framework in Frameworks */ = {isa = PBXBuildFile; fileRef = 45F46C7F19A93D7500F0AB52 /* UIKit.framework */; };
		45F46CA519A93D7500F0AB52 /* InfoPlist.strings in Resources */ = {isa = PBXBuildFile; fileRef = 45F46CA319A93D7500F0AB52 /* InfoPlist.strings */; };
		45F46CA719A93D7500F0AB52 /* GIT_TestTests.m in Sources */ = {isa = PBXBuildFile; fileRef = 45F46CA619A93D7500F0AB52 /* GIT_TestTests.m */; };
/* End PBXBuildFile section */

/* Begin PBXContainerItemProxy section */
		45F46C9E19A93D7500F0AB52 /* PBXContainerItemProxy */ = {
			isa = PBXContainerItemProxy;
			containerPortal = 45F46C7019A93D7500F0AB52 /* Project object */;
			proxyType = 1;
			remoteGlobalIDString = 45F46C7719A93D7500F0AB52;
			remoteInfo = "GIT Test";
		};
/* End PBXContainerItemProxy section */

/* Begin PBXFileReference section */
		45F46C7819A93D7500F0AB52 /* GIT Test.app */ = {isa = PBXFileReference; explicitFileType = wrapper.application; includeInIndex = 0; path = "GIT Test.app"; sourceTree = BUILT_PRODUCTS_DIR; };
		45F46C7B19A93D7500F0AB52 /* Foundation.framework */ = {isa = PBXFileReference; lastKnownFileType = wrapper.framework; name = Foundation.framework; path = System/Library/Frameworks/Foundation.framework; sourceTree = SDKROOT; };
		45F46C7D19A93D7500F0AB52 /* CoreGraphics.framework */ = {isa = PBXFileReference; lastKnownFileType = wrapper.framework; name = CoreGraphics.framework; path = System/Library/Frameworks/CoreGraphics.framework; sourceTree = SDKROOT; };
		45F46C7F19A93D7500F0AB52 /* UIKit.framework */ = {isa = PBXFileReference; lastKnownFileType = wrapper.framework; name = UIKit.framework; path = System/Library/Frameworks/UIKit.framework; sourceTree = SDKROOT; };
		45F46C8319A93D7500F0AB52 /* GIT Test-Info.plist */ = {isa = PBXFileReference; lastKnownFileType = text.plist.xml; path = "GIT Test-Info.plist"; sourceTree = "<group>"; };
		45F46C8519A93D7500F0AB52 /* en */ = {isa = PBXFileReference; lastKnownFileType = text.plist.strings; name = en; path = en.lproj/InfoPlist.strings; sourceTree = "<group>"; };
		45F46C8719A93D7500F0AB52 /* main.m */ = {isa = PBXFileReference; lastKnownFileType = sourcecode.c.objc; path = main.m; sourceTree = "<group>"; };
		45F46C8919A93D7500F0AB52 /* GIT Test-Prefix.pch */ = {isa = PBXFileReference; lastKnownFileType = sourcecode.c.h; path = "GIT Test-Prefix.pch"; sourceTree = "<group>"; };
		45F46C8A19A93D7500F0AB52 /* MAVIAppDelegate.h */ = {isa = PBXFileReference; lastKnownFileType = sourcecode.c.h; path = MAVIAppDelegate.h; sourceTree = "<group>"; };
		45F46C8B19A93D7500F0AB52 /* MAVIAppDelegate.m */ = {isa = PBXFileReference; lastKnownFileType = sourcecode.c.objc; path = MAVIAppDelegate.m; sourceTree = "<group>"; };
		45F46C8E19A93D7500F0AB52 /* Base */ = {isa = PBXFileReference; lastKnownFileType = file.storyboard; name = Base; path = Base.lproj/Main.storyboard; sourceTree = "<group>"; };
		45F46C9019A93D7500F0AB52 /* MAVIViewController.h */ = {isa = PBXFileReference; lastKnownFileType = sourcecode.c.h; path = MAVIViewController.h; sourceTree = "<group>"; };
		45F46C9119A93D7500F0AB52 /* MAVIViewController.m */ = {isa = PBXFileReference; lastKnownFileType = sourcecode.c.objc; path = MAVIViewController.m; sourceTree = "<group>"; };
		45F46C9319A93D7500F0AB52 /* Images.xcassets */ = {isa = PBXFileReference; lastKnownFileType = folder.assetcatalog; path = Images.xcassets; sourceTree = "<group>"; };
		45F46C9919A93D7500F0AB52 /* GIT TestTests.xctest */ = {isa = PBXFileReference; explicitFileType = wrapper.cfbundle; includeInIndex = 0; path = "GIT TestTests.xctest"; sourceTree = BUILT_PRODUCTS_DIR; };
		45F46C9A19A93D7500F0AB52 /* XCTest.framework */ = {isa = PBXFileReference; lastKnownFileType = wrapper.framework; name = XCTest.framework; path = Library/Frameworks/XCTest.framework; sourceTree = DEVELOPER_DIR; };
		45F46CA219A93D7500F0AB52 /* GIT TestTests-Info.plist */ = {isa = PBXFileReference; lastKnownFileType = text.plist.xml; path = "GIT TestTests-Info.plist"; sourceTree = "<group>"; };
		45F46CA419A93D7500F0AB52 /* en */ = {isa = PBXFileReference; lastKnownFileType = text.plist.strings; name = en; path = en.lproj/InfoPlist.strings; sourceTree = "<group>"; };
		45F46CA619A93D7500F0AB52 /* GIT_TestTests.m */ = {isa = PBXFileReference; lastKnownFileType = sourcecode.c.objc; path = GIT_TestTests.m; sourceTree = "<group>"; };
/* End PBXFileReference section */

/* Begin PBXFrameworksBuildPhase section */
		45F46C7519A93D7500F0AB52 /* Frameworks */ = {
			isa = PBXFrameworksBuildPhase;
			buildActionMask = 2147483647;
			files = (
				45F46C7E19A93D7500F0AB52 /* CoreGraphics.framework in Frameworks */,
				45F46C8019A93D7500F0AB52 /* UIKit.framework in Frameworks */,
				45F46C7C19A93D7500F0AB52 /* Foundation.framework in Frameworks */,
			);
			runOnlyForDeploymentPostprocessing = 0;
		};
		45F46C9619A93D7500F0AB52 /* Frameworks */ = {
			isa = PBXFrameworksBuildPhase;
			buildActionMask = 2147483647;
			files = (
				45F46C9B19A93D7500F0AB52 /* XCTest.framework in Frameworks */,
				45F46C9D19A93D7500F0AB52 /* UIKit.framework in Frameworks */,
				45F46C9C19A93D7500F0AB52 /* Foundation.framework in Frameworks */,
			);
			runOnlyForDeploymentPostprocessing = 0;
		};
/* End PBXFrameworksBuildPhase section */

/* Begin PBXGroup section */
		45F46C6F19A93D7500F0AB52 = {
			isa = PBXGroup;
			children = (
				45F46C8119A93D7500F0AB52 /* GIT Test */,
				45F46CA019A93D7500F0AB52 /* GIT TestTests */,
				45F46C7A19A93D7500F0AB52 /* Frameworks */,
				45F46C7919A93D7500F0AB52 /* Products */,
			);
			sourceTree = "<group>";
		};
		45F46C7919A93D7500F0AB52 /* Products */ = {
			isa = PBXGroup;
			children = (
				45F46C7819A93D7500F0AB52 /* GIT Test.app */,
				45F46C9919A93D7500F0AB52 /* GIT TestTests.xctest */,
			);
			name = Products;
			sourceTree = "<group>";
		};
		45F46C7A19A93D7500F0AB52 /* Frameworks */ = {
			isa = PBXGroup;
			children = (
				45F46C7B19A93D7500F0AB52 /* Foundation.framework */,
				45F46C7D19A93D7500F0AB52 /* CoreGraphics.framework */,
				45F46C7F19A93D7500F0AB52 /* UIKit.framework */,
				45F46C9A19A93D7500F0AB52 /* XCTest.framework */,
			);
			name = Frameworks;
			sourceTree = "<group>";
		};
		45F46C8119A93D7500F0AB52 /* GIT Test */ = {
			isa = PBXGroup;
			children = (
				45F46C8A19A93D7500F0AB52 /* MAVIAppDelegate.h */,
				45F46C8B19A93D7500F0AB52 /* MAVIAppDelegate.m */,
				45F46C8D19A93D7500F0AB52 /* Main.storyboard */,
				45F46C9019A93D7500F0AB52 /* MAVIViewController.h */,
				45F46C9119A93D7500F0AB52 /* MAVIViewController.m */,
				45F46C9319A93D7500F0AB52 /* Images.xcassets */,
				45F46C8219A93D7500F0AB52 /* Supporting Files */,
			);
			path = "GIT Test";
			sourceTree = "<group>";
		};
		45F46C8219A93D7500F0AB52 /* Supporting Files */ = {
			isa = PBXGroup;
			children = (
				45F46C8319A93D7500F0AB52 /* GIT Test-Info.plist */,
				45F46C8419A93D7500F0AB52 /* InfoPlist.strings */,
				45F46C8719A93D7500F0AB52 /* main.m */,
				45F46C8919A93D7500F0AB52 /* GIT Test-Prefix.pch */,
			);
			name = "Supporting Files";
			sourceTree = "<group>";
		};
		45F46CA019A93D7500F0AB52 /* GIT TestTests */ = {
			isa = PBXGroup;
			children = (
				45F46CA619A93D7500F0AB52 /* GIT_TestTests.m */,
				45F46CA119A93D7500F0AB52 /* Supporting Files */,
			);
			path = "GIT TestTests";
			sourceTree = "<group>";
		};
		45F46CA119A93D7500F0AB52 /* Supporting Files */ = {
			isa = PBXGroup;
			children = (
				45F46CA219A93D7500F0AB52 /* GIT TestTests-Info.plist */,
				45F46CA319A93D7500F0AB52 /* InfoPlist.strings */,
			);
			name = "Supporting Files";
			sourceTree = "<group>";
		};
/* End PBXGroup section */

/* Begin PBXNativeTarget section */
		45F46C7719A93D7500F0AB52 /* GIT Test */ = {
			isa = PBXNativeTarget;
			buildConfigurationList = 45F46CAA19A93D7600F0AB52 /* Build configuration list for PBXNativeTarget "GIT Test" */;
			buildPhases = (
				45F46C7419A93D7500F0AB52 /* Sources */,
				45F46C7519A93D7500F0AB52 /* Frameworks */,
				45F46C7619A93D7500F0AB52 /* Resources */,
			);
			buildRules = (
			);
			dependencies = (
			);
			name = "GIT Test";
			productName = "GIT Test";
			productReference = 45F46C7819A93D7500F0AB52 /* GIT Test.app */;
			productType = "com.apple.product-type.application";
		};
		45F46C9819A93D7500F0AB52 /* GIT TestTests */ = {
			isa = PBXNativeTarget;
			buildConfigurationList = 45F46CAD19A93D7600F0AB52 /* Build configuration list for PBXNativeTarget "GIT TestTests" */;
			buildPhases = (
				45F46C9519A93D7500F0AB52 /* Sources */,
				45F46C9619A93D7500F0AB52 /* Frameworks */,
				45F46C9719A93D7500F0AB52 /* Resources */,
			);
			buildRules = (
			);
			dependencies = (
				45F46C9F19A93D7500F0AB52 /* PBXTargetDependency */,
			);
			name = "GIT TestTests";
			productName = "GIT TestTests";
			productReference = 45F46C9919A93D7500F0AB52 /* GIT TestTests.xctest */;
			productType = "com.apple.product-type.bundle.unit-test";
		};
/* End PBXNativeTarget section */

/* Begin PBXProject section */
		45F46C7019A93D7500F0AB52 /* Project object */ = {
			isa = PBXProject;
			attributes = {
				CLASSPREFIX = MAVI;
				LastUpgradeCheck = 0510;
				ORGANIZATIONNAME = Jeet;
				TargetAttributes = {
					45F46C9819A93D7500F0AB52 = {
						TestTargetID = 45F46C7719A93D7500F0AB52;
					};
				};
			};
			buildConfigurationList = 45F46C7319A93D7500F0AB52 /* Build configuration list for PBXProject "GIT Test" */;
			compatibilityVersion = "Xcode 3.2";
			developmentRegion = English;
			hasScannedForEncodings = 0;
			knownRegions = (
				en,
				Base,
			);
			mainGroup = 45F46C6F19A93D7500F0AB52;
			productRefGroup = 45F46C7919A93D7500F0AB52 /* Products */;
			projectDirPath = "";
			projectRoot = "";
			targets = (
				45F46C7719A93D7500F0AB52 /* GIT Test */,
				45F46C9819A93D7500F0AB52 /* GIT TestTests */,
			);
		};
/* End PBXProject section */

/* Begin PBXResourcesBuildPhase section */
		45F46C7619A93D7500F0AB52 /* Resources */ = {
			isa = PBXResourcesBuildPhase;
			buildActionMask = 2147483647;
			files = (
				45F46C9419A93D7500F0AB52 /* Images.xcassets in Resources */,
				45F46C8619A93D7500F0AB52 /* InfoPlist.strings in Resources */,
				45F46C8F19A93D7500F0AB52 /* Main.storyboard in Resources */,
			);
			runOnlyForDeploymentPostprocessing = 0;
		};
		45F46C9719A93D7500F0AB52 /* Resources */ = {
			isa = PBXResourcesBuildPhase;
			buildActionMask = 2147483647;
			files = (
				45F46CA519A93D7500F0AB52 /* InfoPlist.strings in Resources */,
			);
			runOnlyForDeploymentPostprocessing = 0;
		};
/* End PBXResourcesBuildPhase section */

/* Begin PBXSourcesBuildPhase section */
		45F46C7419A93D7500F0AB52 /* Sources */ = {
			isa = PBXSourcesBuildPhase;
			buildActionMask = 2147483647;
			files = (
				45F46C8819A93D7500F0AB52 /* main.m in Sources */,
				45F46C9219A93D7500F0AB52 /* MAVIViewController.m in Sources */,
				45F46C8C19A93D7500F0AB52 /* MAVIAppDelegate.m in Sources */,
			);
			runOnlyForDeploymentPostprocessing = 0;
		};
		45F46C9519A93D7500F0AB52 /* Sources */ = {
			isa = PBXSourcesBuildPhase;
			buildActionMask = 2147483647;
			files = (
				45F46CA719A93D7500F0AB52 /* GIT_TestTests.m in Sources */,
			);
			runOnlyForDeploymentPostprocessing = 0;
		};
/* End PBXSourcesBuildPhase section */

/* Begin PBXTargetDependency section */
		45F46C9F19A93D7500F0AB52 /* PBXTargetDependency */ = {
			isa = PBXTargetDependency;
			target = 45F46C7719A93D7500F0AB52 /* GIT Test */;
			targetProxy = 45F46C9E19A93D7500F0AB52 /* PBXContainerItemProxy */;
		};
/* End PBXTargetDependency section */

/* Begin PBXVariantGroup section */
		45F46C8419A93D7500F0AB52 /* InfoPlist.strings */ = {
			isa = PBXVariantGroup;
			children = (
				45F46C8519A93D7500F0AB52 /* en */,
			);
			name = InfoPlist.strings;
			sourceTree = "<group>";
		};
		45F46C8D19A93D7500F0AB52 /* Main.storyboard */ = {
			isa = PBXVariantGroup;
			children = (
				45F46C8E19A93D7500F0AB52 /* Base */,
			);
			name = Main.storyboard;
			sourceTree = "<group>";
		};
		45F46CA319A93D7500F0AB52 /* InfoPlist.strings */ = {
			isa = PBXVariantGroup;
			children = (
				45F46CA419A93D7500F0AB52 /* en */,
			);
			name = InfoPlist.strings;
			sourceTree = "<group>";
		};
/* End PBXVariantGroup section */

/* Begin XCBuildConfiguration section */
		45F46CA819A93D7600F0AB52 /* Debug */ = {
			isa = XCBuildConfiguration;
			buildSettings = {
				ALWAYS_SEARCH_USER_PATHS = NO;
				CLANG_CXX_LANGUAGE_STANDARD = "gnu++0x";
				CLANG_CXX_LIBRARY = "libc++";
				CLANG_ENABLE_MODULES = YES;
				CLANG_ENABLE_OBJC_ARC = YES;
				CLANG_WARN_BOOL_CONVERSION = YES;
				CLANG_WARN_CONSTANT_CONVERSION = YES;
				CLANG_WARN_DIRECT_OBJC_ISA_USAGE = YES_ERROR;
				CLANG_WARN_EMPTY_BODY = YES;
				CLANG_WARN_ENUM_CONVERSION = YES;
				CLANG_WARN_INT_CONVERSION = YES;
				CLANG_WARN_OBJC_ROOT_CLASS = YES_ERROR;
				CLANG_WARN__DUPLICATE_METHOD_MATCH = YES;
				"CODE_SIGN_IDENTITY[sdk=iphoneos*]" = "iPhone Developer";
				COPY_PHASE_STRIP = NO;
				GCC_C_LANGUAGE_STANDARD = gnu99;
				GCC_DYNAMIC_NO_PIC = NO;
				GCC_OPTIMIZATION_LEVEL = 0;
				GCC_PREPROCESSOR_DEFINITIONS = (
					"DEBUG=1",
					"$(inherited)",
				);
				GCC_SYMBOLS_PRIVATE_EXTERN = NO;
				GCC_WARN_64_TO_32_BIT_CONVERSION = YES;
				GCC_WARN_ABOUT_RETURN_TYPE = YES_ERROR;
				GCC_WARN_UNDECLARED_SELECTOR = YES;
				GCC_WARN_UNINITIALIZED_AUTOS = YES_AGGRESSIVE;
				GCC_WARN_UNUSED_FUNCTION = YES;
				GCC_WARN_UNUSED_VARIABLE = YES;
				IPHONEOS_DEPLOYMENT_TARGET = 7.1;
				ONLY_ACTIVE_ARCH = YES;
				SDKROOT = iphoneos;
			};
			name = Debug;
		};
		45F46CA919A93D7600F0AB52 /* Release */ = {
			isa = XCBuildConfiguration;
			buildSettings = {
				ALWAYS_SEARCH_USER_PATHS = NO;
				CLANG_CXX_LANGUAGE_STANDARD = "gnu++0x";
				CLANG_CXX_LIBRARY = "libc++";
				CLANG_ENABLE_MODULES = YES;
				CLANG_ENABLE_OBJC_ARC = YES;
				CLANG_WARN_BOOL_CONVERSION = YES;
				CLANG_WARN_CONSTANT_CONVERSION = YES;
				CLANG_WARN_DIRECT_OBJC_ISA_USAGE = YES_ERROR;
				CLANG_WARN_EMPTY_BODY = YES;
				CLANG_WARN_ENUM_CONVERSION = YES;
				CLANG_WARN_INT_CONVERSION = YES;
				CLANG_WARN_OBJC_ROOT_CLASS = YES_ERROR;
				CLANG_WARN__DUPLICATE_METHOD_MATCH = YES;
				"CODE_SIGN_IDENTITY[sdk=iphoneos*]" = "iPhone Developer";
				COPY_PHASE_STRIP = YES;
				ENABLE_NS_ASSERTIONS = NO;
				GCC_C_LANGUAGE_STANDARD = gnu99;
				GCC_WARN_64_TO_32_BIT_CONVERSION = YES;
				GCC_WARN_ABOUT_RETURN_TYPE = YES_ERROR;
				GCC_WARN_UNDECLARED_SELECTOR = YES;
				GCC_WARN_UNINITIALIZED_AUTOS = YES_AGGRESSIVE;
				GCC_WARN_UNUSED_FUNCTION = YES;
				GCC_WARN_UNUSED_VARIABLE = YES;
				IPHONEOS_DEPLOYMENT_TARGET = 7.1;
				SDKROOT = iphoneos;
				VALIDATE_PRODUCT = YES;
			};
			name = Release;
		};
		45F46CAB19A93D7600F0AB52 /* Debug */ = {
			isa = XCBuildConfiguration;
			buildSettings = {
				ASSETCATALOG_COMPILER_APPICON_NAME = AppIcon;
				ASSETCATALOG_COMPILER_LAUNCHIMAGE_NAME = LaunchImage;
				GCC_PRECOMPILE_PREFIX_HEADER = YES;
				GCC_PREFIX_HEADER = "GIT Test/GIT Test-Prefix.pch";
				INFOPLIST_FILE = "GIT Test/GIT Test-Info.plist";
				PRODUCT_NAME = "$(TARGET_NAME)";
				WRAPPER_EXTENSION = app;
			};
			name = Debug;
		};
		45F46CAC19A93D7600F0AB52 /* Release */ = {
			isa = XCBuildConfiguration;
			buildSettings = {
				ASSETCATALOG_COMPILER_APPICON_NAME = AppIcon;
				ASSETCATALOG_COMPILER_LAUNCHIMAGE_NAME = LaunchImage;
				GCC_PRECOMPILE_PREFIX_HEADER = YES;
				GCC_PREFIX_HEADER = "GIT Test/GIT Test-Prefix.pch";
				INFOPLIST_FILE = "GIT Test/GIT Test-Info.plist";
				PRODUCT_NAME = "$(TARGET_NAME)";
				WRAPPER_EXTENSION = app;
			};
			name = Release;
		};
		45F46CAE19A93D7600F0AB52 /* Debug */ = {
			isa = XCBuildConfiguration;
			buildSettings = {
				BUNDLE_LOADER = "$(BUILT_PRODUCTS_DIR)/GIT Test.app/GIT Test";
				FRAMEWORK_SEARCH_PATHS = (
					"$(SDKROOT)/Developer/Library/Frameworks",
					"$(inherited)",
					"$(DEVELOPER_FRAMEWORKS_DIR)",
				);
				GCC_PRECOMPILE_PREFIX_HEADER = YES;
				GCC_PREFIX_HEADER = "GIT Test/GIT Test-Prefix.pch";
				GCC_PREPROCESSOR_DEFINITIONS = (
					"DEBUG=1",
					"$(inherited)",
				);
				INFOPLIST_FILE = "GIT TestTests/GIT TestTests-Info.plist";
				PRODUCT_NAME = "$(TARGET_NAME)";
				TEST_HOST = "$(BUNDLE_LOADER)";
				WRAPPER_EXTENSION = xctest;
			};
			name = Debug;
		};
		45F46CAF19A93D7600F0AB52 /* Release */ = {
			isa = XCBuildConfiguration;
			buildSettings = {
				BUNDLE_LOADER = "$(BUILT_PRODUCTS_DIR)/GIT Test.app/GIT Test";
				FRAMEWORK_SEARCH_PATHS = (
					"$(SDKROOT)/Developer/Library/Frameworks",
					"$(inherited)",
					"$(DEVELOPER_FRAMEWORKS_DIR)",
				);
				GCC_PRECOMPILE_PREFIX_HEADER = YES;
				GCC_PREFIX_HEADER = "GIT Test/GIT Test-Prefix.pch";
				INFOPLIST_FILE = "GIT TestTests/GIT TestTests-Info.plist";
				PRODUCT_NAME = "$(TARGET_NAME)";
				TEST_HOST = "$(BUNDLE_LOADER)";
				WRAPPER_EXTENSION = xctest;
			};
			name = Release;
		};
/* End XCBuildConfiguration section */

/* Begin XCConfigurationList section */
		45F46C7319A93D7500F0AB52 /* Build configuration list for PBXProject "GIT Test" */ = {
			isa = XCConfigurationList;
			buildConfigurations = (
				45F46CA819A93D7600F0AB52 /* Debug */,
				45F46CA919A93D7600F0AB52 /* Release */,
			);
			defaultConfigurationIsVisible = 0;
			defaultConfigurationName = Release;
		};
		45F46CAA19A93D7600F0AB52 /* Build configuration list for PBXNativeTarget "GIT Test" */ = {
			isa = XCConfigurationList;
			buildConfigurations = (
				45F46CAB19A93D7600F0AB52 /* Debug */,
				45F46CAC19A93D7600F0AB52 /* Release */,
			);
			defaultConfigurationIsVisible = 0;
		};
		45F46CAD19A93D7600F0AB52 /* Build configuration list for PBXNativeTarget "GIT TestTests" */ = {
			isa = XCConfigurationList;
			buildConfigurations = (
				45F46CAE19A93D7600F0AB52 /* Debug */,
				45F46CAF19A93D7600F0AB52 /* Release */,
			);
			defaultConfigurationIsVisible = 0;
		};
/* End XCConfigurationList section */
	};
	rootObject = 45F46C7019A93D7500F0AB52 /* Project object */;
}
